
Microsoft Visual Studio Solution File, Format Version 12.00
# Visual Studio Version 16
VisualStudioVersion = 16.0.29215.179
MinimumVisualStudioVersion = 10.0.40219.1
Project("{9A19103F-16F7-4668-BE54-9A1E7A4F7556}") = "EmailSending.Web.Api", "src\EmailSending.Web.Api\EmailSending.Web.Api.csproj", "{C520F70E-A580-45EB-AE8D-4BE20D97C0FE}"
EndProject
Project("{E53339B2-1760-4266-BCC7-CA923CBCF16C}") = "docker-compose", "docker-compose.dcproj", "{257D6631-44B0-410C-A1BD-F9B6753A3572}"
EndProject
Global
	GlobalSection(SolutionConfigurationPlatforms) = preSolution
		Debug|Any CPU = Debug|Any CPU
		Release|Any CPU = Release|Any CPU
	EndGlobalSection
	GlobalSection(ProjectConfigurationPlatforms) = postSolution
		{C520F70E-A580-45EB-AE8D-4BE20D97C0FE}.Debug|Any CPU.ActiveCfg = Debug|Any CPU
		{C520F70E-A580-45EB-AE8D-4BE20D97C0FE}.Debug|Any CPU.Build.0 = Debug|Any CPU
		{C520F70E-A580-45EB-AE8D-4BE20D97C0FE}.Release|Any CPU.ActiveCfg = Release|Any CPU
		{C520F70E-A580-45EB-AE8D-4BE20D97C0FE}.Release|Any CPU.Build.0 = Release|Any CPU
		{257D6631-44B0-410C-A1BD-F9B6753A3572}.Debug|Any CPU.ActiveCfg = Debug|Any CPU
		{257D6631-44B0-410C-A1BD-F9B6753A3572}.Debug|Any CPU.Build.0 = Debug|Any CPU
		{257D6631-44B0-410C-A1BD-F9B6753A3572}.Release|Any CPU.ActiveCfg = Release|Any CPU
		{257D6631-44B0-410C-A1BD-F9B6753A3572}.Release|Any CPU.Build.0 = Release|Any CPU
	EndGlobalSection
	GlobalSection(SolutionProperties) = preSolution
		HideSolutionNode = FALSE
	EndGlobalSection
	GlobalSection(ExtensibilityGlobals) = postSolution
		SolutionGuid = {02384F89-71A9-4716-A588-75902D8FE1B9}
	EndGlobalSection
EndGlobal
